// !$*UTF8*$!
{
	archiveVersion = 1;
	classes = {
	};
	objectVersion = 46;
	objects = {

/* Begin PBXBuildFile section */
		00B5270A8B13C115850E46C4 /* TanyaAIPresentationGateway.swift in Sources */ = {isa = PBXBuildFile; fileRef = 6FAC009DC98B16F626271F24 /* TanyaAIPresentationGateway.swift */; };
		01B797F3EB169650F9738578 /* TanyaAIPresenting.swift in Sources */ = {isa = PBXBuildFile; fileRef = 0858ACF167C2FCB774BC4FFE /* TanyaAIPresenting.swift */; };
		01E1A6AEF80CF365EB947276 /* SandboxDeeplinkRouter.swift in Sources */ = {isa = PBXBuildFile; fileRef = 35014A51023FF8C9B7A7E252 /* SandboxDeeplinkRouter.swift */; };
		2B09FBAF14ECDBBBA25F5628 /* TanyaAITestSupport in Frameworks */ = {isa = PBXBuildFile; productRef = 36715E43CB5E603A212ED4F2 /* TanyaAITestSupport */; };
		2CCA057945FA57E246CBF7B7 /* TanyaAIAnswerUITests.swift in Sources */ = {isa = PBXBuildFile; fileRef = 335114B67EAA8B7095F42E64 /* TanyaAIAnswerUITests.swift */; };
		38A25CFD20A41F2FB630BF44 /* SandboxDeeplink.swift in Sources */ = {isa = PBXBuildFile; fileRef = DB4CCDE463DE13AA9BE15DF6 /* SandboxDeeplink.swift */; };
		48B48141A2C95804B3DEABE9 /* TanyaAI in Frameworks */ = {isa = PBXBuildFile; productRef = E6F0A8A0436E4CA6CCBAA9D7 /* TanyaAI */; };
		4E16FCB2A7F342EADC0041F6 /* Foundation.framework in Frameworks */ = {isa = PBXBuildFile; fileRef = 3913D3C1F9F46EF2AC8AB20D /* Foundation.framework */; };
		650D6B45E2D162FDE8E5A011 /* TanyaAIDeeplinkUITests.swift in Sources */ = {isa = PBXBuildFile; fileRef = C2BC862BF171A266D929D4DE /* TanyaAIDeeplinkUITests.swift */; };
		7A48FAD756ACBADD5B3F588C /* LegacyDetailScreen.swift in Sources */ = {isa = PBXBuildFile; fileRef = D20870FE1BFED8913C451D61 /* LegacyDetailScreen.swift */; };
		7D47795DA3DA14B6FCF8A0FE /* SandboxTanyaAIFactory.swift in Sources */ = {isa = PBXBuildFile; fileRef = 42928249B007E246A4ED784F /* SandboxTanyaAIFactory.swift */; };
		8E71F94361F1F62F9771DE5A /* SandboxLaunchMode.swift in Sources */ = {isa = PBXBuildFile; fileRef = 7A76D8E99BDA12D5AB8BA89C /* SandboxLaunchMode.swift */; };
		A451D8C05D7D2C3D4A5C1079 /* SandboxDeeplinkTargetScreen.swift in Sources */ = {isa = PBXBuildFile; fileRef = 46D11C4A4EC6ADB5505F2433 /* SandboxDeeplinkTargetScreen.swift */; };
		CCA0190418121FD25CBFAD8E /* LegacyRootScreen.swift in Sources */ = {isa = PBXBuildFile; fileRef = 00BD0A9AAF7DCED08EB978D0 /* LegacyRootScreen.swift */; };
		DBA136617FB607936CF4DCBC /* AppDelegate.swift in Sources */ = {isa = PBXBuildFile; fileRef = CC5D6ACDE92ED60E6782E49E /* AppDelegate.swift */; };
		E36FCB3713EC49C358EEFCCE /* LaunchScreen.storyboard in Resources */ = {isa = PBXBuildFile; fileRef = CE99F42653C03FB826A8E971 /* LaunchScreen.storyboard */; };
		F6AED7EC8ECE14E9256C23A2 /* Foundation.framework in Frameworks */ = {isa = PBXBuildFile; fileRef = 3913D3C1F9F46EF2AC8AB20D /* Foundation.framework */; };
		FAEA7BB2501DB55B263DBDE2 /* SceneDelegate.swift in Sources */ = {isa = PBXBuildFile; fileRef = 8D79074221E098075F84F83C /* SceneDelegate.swift */; };
		FC7521A06809C317910D4C83 /* TanyaAISandboxScreenshotTests.swift in Sources */ = {isa = PBXBuildFile; fileRef = 1E98DE4ADC636F6ACC743364 /* TanyaAISandboxScreenshotTests.swift */; };
		FEAE40CAFF462861950FA786 /* TanyaAILegacyIntegrationTests.swift in Sources */ = {isa = PBXBuildFile; fileRef = 28D8E45DBC538CF7D963C627 /* TanyaAILegacyIntegrationTests.swift */; };
/* End PBXBuildFile section */

/* Begin PBXContainerItemProxy section */
		84642AC420C67A487FF38A9B /* PBXContainerItemProxy */ = {
			isa = PBXContainerItemProxy;
			containerPortal = B0B375C3CA82BB1F294544B7 /* Project object */;
			proxyType = 1;
			remoteGlobalIDString = 12D19E01D1CBC235B0CC0C80;
			remoteInfo = TanyaAISandbox;
		};
/* End PBXContainerItemProxy section */

/* Begin PBXFileReference section */
		00BD0A9AAF7DCED08EB978D0 /* LegacyRootScreen.swift */ = {isa = PBXFileReference; includeInIndex = 1; lastKnownFileType = sourcecode.swift; path = LegacyRootScreen.swift; sourceTree = "<group>"; };
		0858ACF167C2FCB774BC4FFE /* TanyaAIPresenting.swift */ = {isa = PBXFileReference; includeInIndex = 1; lastKnownFileType = sourcecode.swift; path = TanyaAIPresenting.swift; sourceTree = "<group>"; };
		1E98DE4ADC636F6ACC743364 /* TanyaAISandboxScreenshotTests.swift */ = {isa = PBXFileReference; includeInIndex = 1; lastKnownFileType = sourcecode.swift; path = TanyaAISandboxScreenshotTests.swift; sourceTree = "<group>"; };
		28D8E45DBC538CF7D963C627 /* TanyaAILegacyIntegrationTests.swift */ = {isa = PBXFileReference; includeInIndex = 1; lastKnownFileType = sourcecode.swift; path = TanyaAILegacyIntegrationTests.swift; sourceTree = "<group>"; };
		335114B67EAA8B7095F42E64 /* TanyaAIAnswerUITests.swift */ = {isa = PBXFileReference; includeInIndex = 1; lastKnownFileType = sourcecode.swift; path = TanyaAIAnswerUITests.swift; sourceTree = "<group>"; };
		35014A51023FF8C9B7A7E252 /* SandboxDeeplinkRouter.swift */ = {isa = PBXFileReference; includeInIndex = 1; lastKnownFileType = sourcecode.swift; path = SandboxDeeplinkRouter.swift; sourceTree = "<group>"; };
		3913D3C1F9F46EF2AC8AB20D /* Foundation.framework */ = {isa = PBXFileReference; lastKnownFileType = wrapper.framework; name = Foundation.framework; path = Platforms/iPhoneOS.platform/Developer/SDKs/iPhoneOS18.0.sdk/System/Library/Frameworks/Foundation.framework; sourceTree = DEVELOPER_DIR; };
		42928249B007E246A4ED784F /* SandboxTanyaAIFactory.swift */ = {isa = PBXFileReference; includeInIndex = 1; lastKnownFileType = sourcecode.swift; path = SandboxTanyaAIFactory.swift; sourceTree = "<group>"; };
		46D11C4A4EC6ADB5505F2433 /* SandboxDeeplinkTargetScreen.swift */ = {isa = PBXFileReference; includeInIndex = 1; lastKnownFileType = sourcecode.swift; path = SandboxDeeplinkTargetScreen.swift; sourceTree = "<group>"; };
		6FAC009DC98B16F626271F24 /* TanyaAIPresentationGateway.swift */ = {isa = PBXFileReference; includeInIndex = 1; lastKnownFileType = sourcecode.swift; path = TanyaAIPresentationGateway.swift; sourceTree = "<group>"; };
		74B10EECB320D360C77BDDCE /* Tanya AI Sandbox.app */ = {isa = PBXFileReference; explicitFileType = wrapper.application; includeInIndex = 0; path = "Tanya AI Sandbox.app"; sourceTree = BUILT_PRODUCTS_DIR; };
		7A76D8E99BDA12D5AB8BA89C /* SandboxLaunchMode.swift */ = {isa = PBXFileReference; includeInIndex = 1; lastKnownFileType = sourcecode.swift; path = SandboxLaunchMode.swift; sourceTree = "<group>"; };
		7F9695E3FFFAF8FE47673295 /* Info.plist */ = {isa = PBXFileReference; includeInIndex = 1; lastKnownFileType = text.plist.xml; path = Info.plist; sourceTree = "<group>"; };
		8D79074221E098075F84F83C /* SceneDelegate.swift */ = {isa = PBXFileReference; includeInIndex = 1; lastKnownFileType = sourcecode.swift; path = SceneDelegate.swift; sourceTree = "<group>"; };
		949298D773DFA9EC122AF3E3 /* TanyaAISandboxUITests.xctest */ = {isa = PBXFileReference; explicitFileType = wrapper.cfbundle; includeInIndex = 0; path = TanyaAISandboxUITests.xctest; sourceTree = BUILT_PRODUCTS_DIR; };
		C2BC862BF171A266D929D4DE /* TanyaAIDeeplinkUITests.swift */ = {isa = PBXFileReference; includeInIndex = 1; lastKnownFileType = sourcecode.swift; path = TanyaAIDeeplinkUITests.swift; sourceTree = "<group>"; };
		CC5D6ACDE92ED60E6782E49E /* AppDelegate.swift */ = {isa = PBXFileReference; includeInIndex = 1; lastKnownFileType = sourcecode.swift; path = AppDelegate.swift; sourceTree = "<group>"; };
		CE99F42653C03FB826A8E971 /* LaunchScreen.storyboard */ = {isa = PBXFileReference; includeInIndex = 1; lastKnownFileType = file.storyboard; path = LaunchScreen.storyboard; sourceTree = "<group>"; };
		D20870FE1BFED8913C451D61 /* LegacyDetailScreen.swift */ = {isa = PBXFileReference; includeInIndex = 1; lastKnownFileType = sourcecode.swift; path = LegacyDetailScreen.swift; sourceTree = "<group>"; };
		DB4CCDE463DE13AA9BE15DF6 /* SandboxDeeplink.swift */ = {isa = PBXFileReference; includeInIndex = 1; lastKnownFileType = sourcecode.swift; path = SandboxDeeplink.swift; sourceTree = "<group>"; };
/* End PBXFileReference section */

/* Begin PBXFrameworksBuildPhase section */
		495E7196640E65E10178D2EB /* Frameworks */ = {
			isa = PBXFrameworksBuildPhase;
			buildActionMask = 2147483647;
			files = (
				F6AED7EC8ECE14E9256C23A2 /* Foundation.framework in Frameworks */,
			);
			runOnlyForDeploymentPostprocessing = 0;
		};
		4D999F903553B5FC53BCD76A /* Frameworks */ = {
			isa = PBXFrameworksBuildPhase;
			buildActionMask = 2147483647;
			files = (
				4E16FCB2A7F342EADC0041F6 /* Foundation.framework in Frameworks */,
				48B48141A2C95804B3DEABE9 /* TanyaAI in Frameworks */,
				2B09FBAF14ECDBBBA25F5628 /* TanyaAITestSupport in Frameworks */,
			);
			runOnlyForDeploymentPostprocessing = 0;
		};
/* End PBXFrameworksBuildPhase section */

/* Begin PBXGroup section */
		1E10546D08237B80622F56FA /* TanyaAISandboxUITests */ = {
			isa = PBXGroup;
			children = (
				335114B67EAA8B7095F42E64 /* TanyaAIAnswerUITests.swift */,
				C2BC862BF171A266D929D4DE /* TanyaAIDeeplinkUITests.swift */,
				28D8E45DBC538CF7D963C627 /* TanyaAILegacyIntegrationTests.swift */,
				1E98DE4ADC636F6ACC743364 /* TanyaAISandboxScreenshotTests.swift */,
			);
			name = TanyaAISandboxUITests;
			path = TanyaAISandboxUITests;
			sourceTree = "<group>";
		};
		2EBC3392940CEF4553B9AAB8 /* TanyaAISandboxApp */ = {
			isa = PBXGroup;
			children = (
				CC5D6ACDE92ED60E6782E49E /* AppDelegate.swift */,
				D20870FE1BFED8913C451D61 /* LegacyDetailScreen.swift */,
				00BD0A9AAF7DCED08EB978D0 /* LegacyRootScreen.swift */,
				DB4CCDE463DE13AA9BE15DF6 /* SandboxDeeplink.swift */,
				35014A51023FF8C9B7A7E252 /* SandboxDeeplinkRouter.swift */,
				46D11C4A4EC6ADB5505F2433 /* SandboxDeeplinkTargetScreen.swift */,
				7A76D8E99BDA12D5AB8BA89C /* SandboxLaunchMode.swift */,
				42928249B007E246A4ED784F /* SandboxTanyaAIFactory.swift */,
				8D79074221E098075F84F83C /* SceneDelegate.swift */,
				6FAC009DC98B16F626271F24 /* TanyaAIPresentationGateway.swift */,
				0858ACF167C2FCB774BC4FFE /* TanyaAIPresenting.swift */,
				7F9695E3FFFAF8FE47673295 /* Info.plist */,
				CE99F42653C03FB826A8E971 /* LaunchScreen.storyboard */,
			);
			name = TanyaAISandboxApp;
			path = TanyaAISandboxApp;
			sourceTree = "<group>";
		};
		64C397A8E2CEB3DB242A5C97 /* Products */ = {
			isa = PBXGroup;
			children = (
				74B10EECB320D360C77BDDCE /* Tanya AI Sandbox.app */,
				949298D773DFA9EC122AF3E3 /* TanyaAISandboxUITests.xctest */,
			);
			name = Products;
			sourceTree = "<group>";
		};
		74286EC101A53931324BC527 /* Frameworks */ = {
			isa = PBXGroup;
			children = (
				E5EF432ABF59063D397D3D73 /* iOS */,
			);
			name = Frameworks;
			sourceTree = "<group>";
		};
		8E866280700F4167B4B00887 = {
			isa = PBXGroup;
			children = (
				64C397A8E2CEB3DB242A5C97 /* Products */,
				74286EC101A53931324BC527 /* Frameworks */,
				2EBC3392940CEF4553B9AAB8 /* TanyaAISandboxApp */,
				1E10546D08237B80622F56FA /* TanyaAISandboxUITests */,
			);
			sourceTree = "<group>";
		};
		E5EF432ABF59063D397D3D73 /* iOS */ = {
			isa = PBXGroup;
			children = (
				3913D3C1F9F46EF2AC8AB20D /* Foundation.framework */,
			);
			name = iOS;
			sourceTree = "<group>";
		};
/* End PBXGroup section */

/* Begin PBXNativeTarget section */
		12D19E01D1CBC235B0CC0C80 /* TanyaAISandbox */ = {
			isa = PBXNativeTarget;
			buildConfigurationList = 5AF2B69B61D1D03ED1B960F2 /* Build configuration list for PBXNativeTarget "TanyaAISandbox" */;
			buildPhases = (
				0E9B120589D06E8E534E0C21 /* Sources */,
				4D999F903553B5FC53BCD76A /* Frameworks */,
				8A167A3B9968C4614A46DB51 /* Resources */,
			);
			buildRules = (
			);
			dependencies = (
			);
			name = TanyaAISandbox;
			packageProductDependencies = (
				E6F0A8A0436E4CA6CCBAA9D7 /* TanyaAI */,
				36715E43CB5E603A212ED4F2 /* TanyaAITestSupport */,
			);
			productName = TanyaAISandbox;
			productReference = 74B10EECB320D360C77BDDCE /* Tanya AI Sandbox.app */;
			productType = "com.apple.product-type.application";
		};
		B28EFE51D83489FE55FF5DC3 /* TanyaAISandboxUITests */ = {
			isa = PBXNativeTarget;
			buildConfigurationList = 52A2EFD0B447AC09B551E5C9 /* Build configuration list for PBXNativeTarget "TanyaAISandboxUITests" */;
			buildPhases = (
				01DC61D97EBCB1A2328564F8 /* Sources */,
				495E7196640E65E10178D2EB /* Frameworks */,
				F560AED209DAF71275A58CEA /* Resources */,
			);
			buildRules = (
			);
			dependencies = (
				3DA558176AB219C95D9761DC /* PBXTargetDependency */,
			);
			name = TanyaAISandboxUITests;
			productName = TanyaAISandboxUITests;
			productReference = 949298D773DFA9EC122AF3E3 /* TanyaAISandboxUITests.xctest */;
			productType = "com.apple.product-type.bundle.ui-testing";
		};
/* End PBXNativeTarget section */

/* Begin PBXProject section */
		B0B375C3CA82BB1F294544B7 /* Project object */ = {
			isa = PBXProject;
			attributes = {
				LastSwiftUpdateCheck = 2660;
				LastUpgradeCheck = 2660;
			};
			buildConfigurationList = CBCF5CED0AB7D150059F29AD /* Build configuration list for PBXProject "TanyaAISandbox" */;
			compatibilityVersion = "Xcode 3.2";
			developmentRegion = en;
			hasScannedForEncodings = 0;
			knownRegions = (
				en,
				Base,
			);
			mainGroup = 8E866280700F4167B4B00887;
			minimizedProjectReferenceProxies = 0;
			packageReferences = (
				244185C02E0B6C53476550AC /* XCLocalSwiftPackageReference "TanyaAI" */,
			);
			preferredProjectObjectVersion = 77;
			productRefGroup = 64C397A8E2CEB3DB242A5C97 /* Products */;
			projectDirPath = "";
			projectRoot = "";
			targets = (
				12D19E01D1CBC235B0CC0C80 /* TanyaAISandbox */,
				B28EFE51D83489FE55FF5DC3 /* TanyaAISandboxUITests */,
			);
		};
/* End PBXProject section */

/* Begin PBXResourcesBuildPhase section */
		8A167A3B9968C4614A46DB51 /* Resources */ = {
			isa = PBXResourcesBuildPhase;
			buildActionMask = 2147483647;
			files = (
				E36FCB3713EC49C358EEFCCE /* LaunchScreen.storyboard in Resources */,
			);
			runOnlyForDeploymentPostprocessing = 0;
		};
		F560AED209DAF71275A58CEA /* Resources */ = {
			isa = PBXResourcesBuildPhase;
			buildActionMask = 2147483647;
			files = (
			);
			runOnlyForDeploymentPostprocessing = 0;
		};
/* End PBXResourcesBuildPhase section */

/* Begin PBXSourcesBuildPhase section */
		01DC61D97EBCB1A2328564F8 /* Sources */ = {
			isa = PBXSourcesBuildPhase;
			buildActionMask = 2147483647;
			files = (
				2CCA057945FA57E246CBF7B7 /* TanyaAIAnswerUITests.swift in Sources */,
				650D6B45E2D162FDE8E5A011 /* TanyaAIDeeplinkUITests.swift in Sources */,
				FEAE40CAFF462861950FA786 /* TanyaAILegacyIntegrationTests.swift in Sources */,
				FC7521A06809C317910D4C83 /* TanyaAISandboxScreenshotTests.swift in Sources */,
			);
			runOnlyForDeploymentPostprocessing = 0;
		};
		0E9B120589D06E8E534E0C21 /* Sources */ = {
			isa = PBXSourcesBuildPhase;
			buildActionMask = 2147483647;
			files = (
				DBA136617FB607936CF4DCBC /* AppDelegate.swift in Sources */,
				7A48FAD756ACBADD5B3F588C /* LegacyDetailScreen.swift in Sources */,
				CCA0190418121FD25CBFAD8E /* LegacyRootScreen.swift in Sources */,
				38A25CFD20A41F2FB630BF44 /* SandboxDeeplink.swift in Sources */,
				01E1A6AEF80CF365EB947276 /* SandboxDeeplinkRouter.swift in Sources */,
				A451D8C05D7D2C3D4A5C1079 /* SandboxDeeplinkTargetScreen.swift in Sources */,
				8E71F94361F1F62F9771DE5A /* SandboxLaunchMode.swift in Sources */,
				7D47795DA3DA14B6FCF8A0FE /* SandboxTanyaAIFactory.swift in Sources */,
				FAEA7BB2501DB55B263DBDE2 /* SceneDelegate.swift in Sources */,
				00B5270A8B13C115850E46C4 /* TanyaAIPresentationGateway.swift in Sources */,
				01B797F3EB169650F9738578 /* TanyaAIPresenting.swift in Sources */,
			);
			runOnlyForDeploymentPostprocessing = 0;
		};
/* End PBXSourcesBuildPhase section */

/* Begin PBXTargetDependency section */
		3DA558176AB219C95D9761DC /* PBXTargetDependency */ = {
			isa = PBXTargetDependency;
			name = TanyaAISandbox;
			target = 12D19E01D1CBC235B0CC0C80 /* TanyaAISandbox */;
			targetProxy = 84642AC420C67A487FF38A9B /* PBXContainerItemProxy */;
		};
/* End PBXTargetDependency section */

/* Begin XCBuildConfiguration section */
		0E7161BA72BD08755224E9B9 /* Debug */ = {
			isa = XCBuildConfiguration;
			buildSettings = {
				CLANG_ENABLE_OBJC_WEAK = NO;
				CODE_SIGN_STYLE = Automatic;
				GENERATE_INFOPLIST_FILE = YES;
				IPHONEOS_DEPLOYMENT_TARGET = 15.0;
				PRODUCT_BUNDLE_IDENTIFIER = com.example.tanyaai.sandbox.uitests;
				SDKROOT = iphoneos;
				SWIFT_VERSION = 5.0;
				TARGETED_DEVICE_FAMILY = 1;
				TEST_TARGET_NAME = TanyaAISandbox;
			};
			name = Debug;
		};
		73ECFACAD9391428B88EC078 /* Release */ = {
			isa = XCBuildConfiguration;
			buildSettings = {
				CLANG_ENABLE_OBJC_WEAK = NO;
				CODE_SIGN_STYLE = Automatic;
				GENERATE_INFOPLIST_FILE = YES;
				IPHONEOS_DEPLOYMENT_TARGET = 15.0;
				PRODUCT_BUNDLE_IDENTIFIER = com.example.tanyaai.sandbox.uitests;
				SDKROOT = iphoneos;
				SWIFT_VERSION = 5.0;
				TARGETED_DEVICE_FAMILY = 1;
				TEST_TARGET_NAME = TanyaAISandbox;
				VALIDATE_PRODUCT = YES;
			};
			name = Release;
		};
		808B580BB5E8E4B3ADF372F8 /* Release */ = {
			isa = XCBuildConfiguration;
			buildSettings = {
				ASSETCATALOG_COMPILER_APPICON_NAME = "";
				ASSETCATALOG_COMPILER_GLOBAL_ACCENT_COLOR_NAME = AccentColor;
				CLANG_ENABLE_OBJC_WEAK = NO;
				CODE_SIGN_STYLE = Automatic;
				GENERATE_INFOPLIST_FILE = NO;
				INFOPLIST_FILE = TanyaAISandboxApp/Info.plist;
				IPHONEOS_DEPLOYMENT_TARGET = 15.0;
				LD_RUNPATH_SEARCH_PATHS = "$(inherited) @executable_path/Frameworks";
				PRODUCT_BUNDLE_IDENTIFIER = com.example.tanyaai.sandbox;
				PRODUCT_NAME = "Tanya AI Sandbox";
				SDKROOT = iphoneos;
				SWIFT_VERSION = 5.0;
				TARGETED_DEVICE_FAMILY = 1;
				VALIDATE_PRODUCT = YES;
			};
			name = Release;
		};
		836A0E5A1873C96142BD8E53 /* Debug */ = {
			isa = XCBuildConfiguration;
			buildSettings = {
				ALWAYS_SEARCH_USER_PATHS = NO;
				CLANG_ANALYZER_NONNULL = YES;
				CLANG_ANALYZER_NUMBER_OBJECT_CONVERSION = YES_AGGRESSIVE;
				CLANG_CXX_LANGUAGE_STANDARD = "gnu++14";
				CLANG_CXX_LIBRARY = "libc++";
				CLANG_ENABLE_MODULES = YES;
				CLANG_ENABLE_OBJC_ARC = YES;
				CLANG_ENABLE_OBJC_WEAK = YES;
				CLANG_WARN_BLOCK_CAPTURE_AUTORELEASING = YES;
				CLANG_WARN_BOOL_CONVERSION = YES;
				CLANG_WARN_COMMA = YES;
				CLANG_WARN_CONSTANT_CONVERSION = YES;
				CLANG_WARN_DEPRECATED_OBJC_IMPLEMENTATIONS = YES;
				CLANG_WARN_DIRECT_OBJC_ISA_USAGE = YES_ERROR;
				CLANG_WARN_DOCUMENTATION_COMMENTS = YES;
				CLANG_WARN_EMPTY_BODY = YES;
				CLANG_WARN_ENUM_CONVERSION = YES;
				CLANG_WARN_INFINITE_RECURSION = YES;
				CLANG_WARN_INT_CONVERSION = YES;
				CLANG_WARN_NON_LITERAL_NULL_CONVERSION = YES;
				CLANG_WARN_OBJC_IMPLICIT_RETAIN_SELF = YES;
				CLANG_WARN_OBJC_LITERAL_CONVERSION = YES;
				CLANG_WARN_OBJC_ROOT_CLASS = YES_ERROR;
				CLANG_WARN_QUOTED_INCLUDE_IN_FRAMEWORK_HEADER = YES;
				CLANG_WARN_RANGE_LOOP_ANALYSIS = YES;
				CLANG_WARN_STRICT_PROTOTYPES = YES;
				CLANG_WARN_SUSPICIOUS_MOVE = YES;
				CLANG_WARN_UNGUARDED_AVAILABILITY = YES_AGGRESSIVE;
				CLANG_WARN_UNREACHABLE_CODE = YES;
				CLANG_WARN__DUPLICATE_METHOD_MATCH = YES;
				COPY_PHASE_STRIP = NO;
				DEBUG_INFORMATION_FORMAT = dwarf;
				ENABLE_STRICT_OBJC_MSGSEND = YES;
				ENABLE_TESTABILITY = YES;
				GCC_C_LANGUAGE_STANDARD = gnu11;
				GCC_DYNAMIC_NO_PIC = NO;
				GCC_NO_COMMON_BLOCKS = YES;
				GCC_OPTIMIZATION_LEVEL = 0;
				GCC_PREPROCESSOR_DEFINITIONS = (
					"DEBUG=1",
					"$(inherited)",
				);
				GCC_WARN_64_TO_32_BIT_CONVERSION = YES;
				GCC_WARN_ABOUT_RETURN_TYPE = YES_ERROR;
				GCC_WARN_UNDECLARED_SELECTOR = YES;
				GCC_WARN_UNINITIALIZED_AUTOS = YES_AGGRESSIVE;
				GCC_WARN_UNUSED_FUNCTION = YES;
				GCC_WARN_UNUSED_VARIABLE = YES;
				MTL_ENABLE_DEBUG_INFO = INCLUDE_SOURCE;
				MTL_FAST_MATH = YES;
				ONLY_ACTIVE_ARCH = YES;
				PRODUCT_NAME = "$(TARGET_NAME)";
				SWIFT_ACTIVE_COMPILATION_CONDITIONS = DEBUG;
				SWIFT_OPTIMIZATION_LEVEL = "-Onone";
				SWIFT_VERSION = 5.0;
			};
			name = Debug;
		};
		8F444207DEABE063C865C5BD /* Release */ = {
			isa = XCBuildConfiguration;
			buildSettings = {
				ALWAYS_SEARCH_USER_PATHS = NO;
				CLANG_ANALYZER_NONNULL = YES;
				CLANG_ANALYZER_NUMBER_OBJECT_CONVERSION = YES_AGGRESSIVE;
				CLANG_CXX_LANGUAGE_STANDARD = "gnu++14";
				CLANG_CXX_LIBRARY = "libc++";
				CLANG_ENABLE_MODULES = YES;
				CLANG_ENABLE_OBJC_ARC = YES;
				CLANG_ENABLE_OBJC_WEAK = YES;
				CLANG_WARN_BLOCK_CAPTURE_AUTORELEASING = YES;
				CLANG_WARN_BOOL_CONVERSION = YES;
				CLANG_WARN_COMMA = YES;
				CLANG_WARN_CONSTANT_CONVERSION = YES;
				CLANG_WARN_DEPRECATED_OBJC_IMPLEMENTATIONS = YES;
				CLANG_WARN_DIRECT_OBJC_ISA_USAGE = YES_ERROR;
				CLANG_WARN_DOCUMENTATION_COMMENTS = YES;
				CLANG_WARN_EMPTY_BODY = YES;
				CLANG_WARN_ENUM_CONVERSION = YES;
				CLANG_WARN_INFINITE_RECURSION = YES;
				CLANG_WARN_INT_CONVERSION = YES;
				CLANG_WARN_NON_LITERAL_NULL_CONVERSION = YES;
				CLANG_WARN_OBJC_IMPLICIT_RETAIN_SELF = YES;
				CLANG_WARN_OBJC_LITERAL_CONVERSION = YES;
				CLANG_WARN_OBJC_ROOT_CLASS = YES_ERROR;
				CLANG_WARN_QUOTED_INCLUDE_IN_FRAMEWORK_HEADER = YES;
				CLANG_WARN_RANGE_LOOP_ANALYSIS = YES;
				CLANG_WARN_STRICT_PROTOTYPES = YES;
				CLANG_WARN_SUSPICIOUS_MOVE = YES;
				CLANG_WARN_UNGUARDED_AVAILABILITY = YES_AGGRESSIVE;
				CLANG_WARN_UNREACHABLE_CODE = YES;
				CLANG_WARN__DUPLICATE_METHOD_MATCH = YES;
				COPY_PHASE_STRIP = NO;
				DEBUG_INFORMATION_FORMAT = "dwarf-with-dsym";
				ENABLE_NS_ASSERTIONS = NO;
				ENABLE_STRICT_OBJC_MSGSEND = YES;
				GCC_C_LANGUAGE_STANDARD = gnu11;
				GCC_NO_COMMON_BLOCKS = YES;
				GCC_WARN_64_TO_32_BIT_CONVERSION = YES;
				GCC_WARN_ABOUT_RETURN_TYPE = YES_ERROR;
				GCC_WARN_UNDECLARED_SELECTOR = YES;
				GCC_WARN_UNINITIALIZED_AUTOS = YES_AGGRESSIVE;
				GCC_WARN_UNUSED_FUNCTION = YES;
				GCC_WARN_UNUSED_VARIABLE = YES;
				MTL_ENABLE_DEBUG_INFO = NO;
				MTL_FAST_MATH = YES;
				PRODUCT_NAME = "$(TARGET_NAME)";
				SWIFT_COMPILATION_MODE = wholemodule;
				SWIFT_OPTIMIZATION_LEVEL = "-O";
				SWIFT_VERSION = 5.0;
			};
			name = Release;
		};
		ACC1337FBC4E78E18210CA84 /* Debug */ = {
			isa = XCBuildConfiguration;
			buildSettings = {
				ASSETCATALOG_COMPILER_APPICON_NAME = "";
				ASSETCATALOG_COMPILER_GLOBAL_ACCENT_COLOR_NAME = AccentColor;
				CLANG_ENABLE_OBJC_WEAK = NO;
				CODE_SIGN_STYLE = Automatic;
				GENERATE_INFOPLIST_FILE = NO;
				INFOPLIST_FILE = TanyaAISandboxApp/Info.plist;
				IPHONEOS_DEPLOYMENT_TARGET = 15.0;
				LD_RUNPATH_SEARCH_PATHS = "$(inherited) @executable_path/Frameworks";
				PRODUCT_BUNDLE_IDENTIFIER = com.example.tanyaai.sandbox;
				PRODUCT_NAME = "Tanya AI Sandbox";
				SDKROOT = iphoneos;
				SWIFT_VERSION = 5.0;
				TARGETED_DEVICE_FAMILY = 1;
			};
			name = Debug;
		};
/* End XCBuildConfiguration section */

/* Begin XCConfigurationList section */
		52A2EFD0B447AC09B551E5C9 /* Build configuration list for PBXNativeTarget "TanyaAISandboxUITests" */ = {
			isa = XCConfigurationList;
			buildConfigurations = (
				73ECFACAD9391428B88EC078 /* Release */,
				0E7161BA72BD08755224E9B9 /* Debug */,
			);
			defaultConfigurationIsVisible = 0;
			defaultConfigurationName = Release;
		};
		5AF2B69B61D1D03ED1B960F2 /* Build configuration list for PBXNativeTarget "TanyaAISandbox" */ = {
			isa = XCConfigurationList;
			buildConfigurations = (
				808B580BB5E8E4B3ADF372F8 /* Release */,
				ACC1337FBC4E78E18210CA84 /* Debug */,
			);
			defaultConfigurationIsVisible = 0;
			defaultConfigurationName = Release;
		};
		CBCF5CED0AB7D150059F29AD /* Build configuration list for PBXProject "TanyaAISandbox" */ = {
			isa = XCConfigurationList;
			buildConfigurations = (
				836A0E5A1873C96142BD8E53 /* Debug */,
				8F444207DEABE063C865C5BD /* Release */,
			);
			defaultConfigurationIsVisible = 0;
			defaultConfigurationName = Release;
		};
/* End XCConfigurationList section */

/* Begin XCLocalSwiftPackageReference section */
		244185C02E0B6C53476550AC /* XCLocalSwiftPackageReference "TanyaAI" */ = {
			isa = XCLocalSwiftPackageReference;
			relativePath = Packages/TanyaAI;
		};
/* End XCLocalSwiftPackageReference section */

/* Begin XCSwiftPackageProductDependency section */
		36715E43CB5E603A212ED4F2 /* TanyaAITestSupport */ = {
			isa = XCSwiftPackageProductDependency;
			package = 244185C02E0B6C53476550AC /* XCLocalSwiftPackageReference "TanyaAI" */;
			productName = TanyaAITestSupport;
		};
		E6F0A8A0436E4CA6CCBAA9D7 /* TanyaAI */ = {
			isa = XCSwiftPackageProductDependency;
			package = 244185C02E0B6C53476550AC /* XCLocalSwiftPackageReference "TanyaAI" */;
			productName = TanyaAI;
		};
/* End XCSwiftPackageProductDependency section */
	};
	rootObject = B0B375C3CA82BB1F294544B7 /* Project object */;
}
