// !$*UTF8*$!
{
	archiveVersion = 1;
	classes = {
	};
	objectVersion = 46;
	objects = {

/* Begin PBXBuildFile section */
		043A4873FFC537932D877CD6 /* Foundation.framework in Frameworks */ = {isa = PBXBuildFile; fileRef = 6C8CB1406DFB8F6ACD2988D2 /* Foundation.framework */; };
		22E226FD06C8013B4386BFF3 /* SandboxDeeplinkRouter.swift in Sources */ = {isa = PBXBuildFile; fileRef = D7573CC4EC0376DAAD8B9572 /* SandboxDeeplinkRouter.swift */; };
		2992F1F44304C383B5EA167D /* AppDelegate.swift in Sources */ = {isa = PBXBuildFile; fileRef = F43BF0431549472912F0289F /* AppDelegate.swift */; };
		464A3D5C56F101B3074D4A09 /* SceneDelegate.swift in Sources */ = {isa = PBXBuildFile; fileRef = 4F4EA268A7E9085683528BA3 /* SceneDelegate.swift */; };
		5B850DAA624601E05A3B072F /* SandboxDeeplinkTargetScreen.swift in Sources */ = {isa = PBXBuildFile; fileRef = 7F8930056E6B7650E12EFE93 /* SandboxDeeplinkTargetScreen.swift */; };
		60C8995C38D17B8E4B533F3C /* Foundation.framework in Frameworks */ = {isa = PBXBuildFile; fileRef = 6C8CB1406DFB8F6ACD2988D2 /* Foundation.framework */; };
		73EA7C077BCE73CBE9C3AF35 /* LegacyDetailScreen.swift in Sources */ = {isa = PBXBuildFile; fileRef = 1832B9160AF67AFC35514E8E /* LegacyDetailScreen.swift */; };
		7CDD1D7C49431242EB86A94F /* TanyaAITestSupport in Frameworks */ = {isa = PBXBuildFile; productRef = E00D5AB32615542B6D329887 /* TanyaAITestSupport */; };
		80F2C93276C9B5CB3816C685 /* TanyaAIDeeplinkUITests.swift in Sources */ = {isa = PBXBuildFile; fileRef = 69F5417400CF7831681989D9 /* TanyaAIDeeplinkUITests.swift */; };
		9D4B011D4D6E360EF1055741 /* LegacyRootScreen.swift in Sources */ = {isa = PBXBuildFile; fileRef = E9F7D06E07973DFA980F481D /* LegacyRootScreen.swift */; };
		B3CB4DF51D5C3D1244D7D1D5 /* LaunchScreen.storyboard in Resources */ = {isa = PBXBuildFile; fileRef = F928D5D9C2EB9ABF9EC79133 /* LaunchScreen.storyboard */; };
		BA1AC68241BF1AC56130103B /* SandboxDeeplink.swift in Sources */ = {isa = PBXBuildFile; fileRef = 0E05986DF0524422A1DAD5B1 /* SandboxDeeplink.swift */; };
		C4F31A29E3364AD7C04116C2 /* TanyaAISandboxScreenshotTests.swift in Sources */ = {isa = PBXBuildFile; fileRef = 32FE6FFCFA27C83EF3CBF8F0 /* TanyaAISandboxScreenshotTests.swift */; };
		C8D8459719D75C3CD424494E /* TanyaAILegacyIntegrationTests.swift in Sources */ = {isa = PBXBuildFile; fileRef = F62747D3C635A36E65AD8D76 /* TanyaAILegacyIntegrationTests.swift */; };
		CD9A92917E68142FCF6E9B48 /* TanyaAIPresentationGateway.swift in Sources */ = {isa = PBXBuildFile; fileRef = E5FDC170F1F85BC2F3BD8934 /* TanyaAIPresentationGateway.swift */; };
		DE160B9A17DC69EE5FF9598F /* SandboxLaunchMode.swift in Sources */ = {isa = PBXBuildFile; fileRef = 4132FDFBF480F3D606743805 /* SandboxLaunchMode.swift */; };
		E59C2E44B9E9FF6E666B0AFC /* SandboxTanyaAIFactory.swift in Sources */ = {isa = PBXBuildFile; fileRef = 28D97BB07015C8B2EC63D214 /* SandboxTanyaAIFactory.swift */; };
		ED2B5F57D07B159D226B3F71 /* TanyaAIPresenting.swift in Sources */ = {isa = PBXBuildFile; fileRef = 92F4F23681C57A2C91ACCDFA /* TanyaAIPresenting.swift */; };
		EECFF99E74B05C7CBB3F9A7B /* TanyaAI in Frameworks */ = {isa = PBXBuildFile; productRef = E72E60BD7DEC84EA0712EF9B /* TanyaAI */; };
/* End PBXBuildFile section */

/* Begin PBXContainerItemProxy section */
		C0CBC7630B6CD9578350BF46 /* PBXContainerItemProxy */ = {
			isa = PBXContainerItemProxy;
			containerPortal = AE46F3C7A30973509B06E54B /* Project object */;
			proxyType = 1;
			remoteGlobalIDString = 4F4BD352EF74CA0B8F33DADA;
			remoteInfo = TanyaAISandbox;
		};
/* End PBXContainerItemProxy section */

/* Begin PBXFileReference section */
		0E05986DF0524422A1DAD5B1 /* SandboxDeeplink.swift */ = {isa = PBXFileReference; includeInIndex = 1; lastKnownFileType = sourcecode.swift; path = SandboxDeeplink.swift; sourceTree = "<group>"; };
		1832B9160AF67AFC35514E8E /* LegacyDetailScreen.swift */ = {isa = PBXFileReference; includeInIndex = 1; lastKnownFileType = sourcecode.swift; path = LegacyDetailScreen.swift; sourceTree = "<group>"; };
		28D97BB07015C8B2EC63D214 /* SandboxTanyaAIFactory.swift */ = {isa = PBXFileReference; includeInIndex = 1; lastKnownFileType = sourcecode.swift; path = SandboxTanyaAIFactory.swift; sourceTree = "<group>"; };
		32FE6FFCFA27C83EF3CBF8F0 /* TanyaAISandboxScreenshotTests.swift */ = {isa = PBXFileReference; includeInIndex = 1; lastKnownFileType = sourcecode.swift; path = TanyaAISandboxScreenshotTests.swift; sourceTree = "<group>"; };
		3C454CDB5B7FC17C3E097FF5 /* TanyaAISandboxUITests.xctest */ = {isa = PBXFileReference; explicitFileType = wrapper.cfbundle; includeInIndex = 0; path = TanyaAISandboxUITests.xctest; sourceTree = BUILT_PRODUCTS_DIR; };
		4132FDFBF480F3D606743805 /* SandboxLaunchMode.swift */ = {isa = PBXFileReference; includeInIndex = 1; lastKnownFileType = sourcecode.swift; path = SandboxLaunchMode.swift; sourceTree = "<group>"; };
		4F4EA268A7E9085683528BA3 /* SceneDelegate.swift */ = {isa = PBXFileReference; includeInIndex = 1; lastKnownFileType = sourcecode.swift; path = SceneDelegate.swift; sourceTree = "<group>"; };
		5BD3C8A58D26F815F883255F /* Tanya AI Sandbox.app */ = {isa = PBXFileReference; explicitFileType = wrapper.application; includeInIndex = 0; path = "Tanya AI Sandbox.app"; sourceTree = BUILT_PRODUCTS_DIR; };
		69F5417400CF7831681989D9 /* TanyaAIDeeplinkUITests.swift */ = {isa = PBXFileReference; includeInIndex = 1; lastKnownFileType = sourcecode.swift; path = TanyaAIDeeplinkUITests.swift; sourceTree = "<group>"; };
		6C8CB1406DFB8F6ACD2988D2 /* Foundation.framework */ = {isa = PBXFileReference; lastKnownFileType = wrapper.framework; name = Foundation.framework; path = Platforms/iPhoneOS.platform/Developer/SDKs/iPhoneOS18.0.sdk/System/Library/Frameworks/Foundation.framework; sourceTree = DEVELOPER_DIR; };
		7F8930056E6B7650E12EFE93 /* SandboxDeeplinkTargetScreen.swift */ = {isa = PBXFileReference; includeInIndex = 1; lastKnownFileType = sourcecode.swift; path = SandboxDeeplinkTargetScreen.swift; sourceTree = "<group>"; };
		92F4F23681C57A2C91ACCDFA /* TanyaAIPresenting.swift */ = {isa = PBXFileReference; includeInIndex = 1; lastKnownFileType = sourcecode.swift; path = TanyaAIPresenting.swift; sourceTree = "<group>"; };
		CFF3A133A17E0D0866A72A73 /* Info.plist */ = {isa = PBXFileReference; includeInIndex = 1; lastKnownFileType = text.plist.xml; path = Info.plist; sourceTree = "<group>"; };
		D7573CC4EC0376DAAD8B9572 /* SandboxDeeplinkRouter.swift */ = {isa = PBXFileReference; includeInIndex = 1; lastKnownFileType = sourcecode.swift; path = SandboxDeeplinkRouter.swift; sourceTree = "<group>"; };
		E5FDC170F1F85BC2F3BD8934 /* TanyaAIPresentationGateway.swift */ = {isa = PBXFileReference; includeInIndex = 1; lastKnownFileType = sourcecode.swift; path = TanyaAIPresentationGateway.swift; sourceTree = "<group>"; };
		E9F7D06E07973DFA980F481D /* LegacyRootScreen.swift */ = {isa = PBXFileReference; includeInIndex = 1; lastKnownFileType = sourcecode.swift; path = LegacyRootScreen.swift; sourceTree = "<group>"; };
		F43BF0431549472912F0289F /* AppDelegate.swift */ = {isa = PBXFileReference; includeInIndex = 1; lastKnownFileType = sourcecode.swift; path = AppDelegate.swift; sourceTree = "<group>"; };
		F62747D3C635A36E65AD8D76 /* TanyaAILegacyIntegrationTests.swift */ = {isa = PBXFileReference; includeInIndex = 1; lastKnownFileType = sourcecode.swift; path = TanyaAILegacyIntegrationTests.swift; sourceTree = "<group>"; };
		F928D5D9C2EB9ABF9EC79133 /* LaunchScreen.storyboard */ = {isa = PBXFileReference; includeInIndex = 1; lastKnownFileType = file.storyboard; path = LaunchScreen.storyboard; sourceTree = "<group>"; };
/* End PBXFileReference section */

/* Begin PBXFrameworksBuildPhase section */
		0DE43ADF6DB0C60F20EAD347 /* Frameworks */ = {
			isa = PBXFrameworksBuildPhase;
			buildActionMask = 2147483647;
			files = (
				60C8995C38D17B8E4B533F3C /* Foundation.framework in Frameworks */,
			);
			runOnlyForDeploymentPostprocessing = 0;
		};
		169E5C60B841982F75F99411 /* Frameworks */ = {
			isa = PBXFrameworksBuildPhase;
			buildActionMask = 2147483647;
			files = (
				043A4873FFC537932D877CD6 /* Foundation.framework in Frameworks */,
				EECFF99E74B05C7CBB3F9A7B /* TanyaAI in Frameworks */,
				7CDD1D7C49431242EB86A94F /* TanyaAITestSupport in Frameworks */,
			);
			runOnlyForDeploymentPostprocessing = 0;
		};
/* End PBXFrameworksBuildPhase section */

/* Begin PBXGroup section */
		00E9D58E2E65A1454C0D4A75 /* Products */ = {
			isa = PBXGroup;
			children = (
				5BD3C8A58D26F815F883255F /* Tanya AI Sandbox.app */,
				3C454CDB5B7FC17C3E097FF5 /* TanyaAISandboxUITests.xctest */,
			);
			name = Products;
			sourceTree = "<group>";
		};
		0B0FD841984363446358440F /* iOS */ = {
			isa = PBXGroup;
			children = (
				6C8CB1406DFB8F6ACD2988D2 /* Foundation.framework */,
			);
			name = iOS;
			sourceTree = "<group>";
		};
		1F3E461D7037499FC70EF882 /* Frameworks */ = {
			isa = PBXGroup;
			children = (
				0B0FD841984363446358440F /* iOS */,
			);
			name = Frameworks;
			sourceTree = "<group>";
		};
		25A2FCED53C684B79320A4DB /* TanyaAISandboxUITests */ = {
			isa = PBXGroup;
			children = (
				69F5417400CF7831681989D9 /* TanyaAIDeeplinkUITests.swift */,
				F62747D3C635A36E65AD8D76 /* TanyaAILegacyIntegrationTests.swift */,
				32FE6FFCFA27C83EF3CBF8F0 /* TanyaAISandboxScreenshotTests.swift */,
			);
			name = TanyaAISandboxUITests;
			path = TanyaAISandboxUITests;
			sourceTree = "<group>";
		};
		79881C62A73630C76974E008 = {
			isa = PBXGroup;
			children = (
				00E9D58E2E65A1454C0D4A75 /* Products */,
				1F3E461D7037499FC70EF882 /* Frameworks */,
				F6DB2A7ECB5C073A62BFC60A /* TanyaAISandboxApp */,
				25A2FCED53C684B79320A4DB /* TanyaAISandboxUITests */,
			);
			sourceTree = "<group>";
		};
		F6DB2A7ECB5C073A62BFC60A /* TanyaAISandboxApp */ = {
			isa = PBXGroup;
			children = (
				F43BF0431549472912F0289F /* AppDelegate.swift */,
				1832B9160AF67AFC35514E8E /* LegacyDetailScreen.swift */,
				E9F7D06E07973DFA980F481D /* LegacyRootScreen.swift */,
				0E05986DF0524422A1DAD5B1 /* SandboxDeeplink.swift */,
				D7573CC4EC0376DAAD8B9572 /* SandboxDeeplinkRouter.swift */,
				7F8930056E6B7650E12EFE93 /* SandboxDeeplinkTargetScreen.swift */,
				4132FDFBF480F3D606743805 /* SandboxLaunchMode.swift */,
				28D97BB07015C8B2EC63D214 /* SandboxTanyaAIFactory.swift */,
				4F4EA268A7E9085683528BA3 /* SceneDelegate.swift */,
				E5FDC170F1F85BC2F3BD8934 /* TanyaAIPresentationGateway.swift */,
				92F4F23681C57A2C91ACCDFA /* TanyaAIPresenting.swift */,
				CFF3A133A17E0D0866A72A73 /* Info.plist */,
				F928D5D9C2EB9ABF9EC79133 /* LaunchScreen.storyboard */,
			);
			name = TanyaAISandboxApp;
			path = TanyaAISandboxApp;
			sourceTree = "<group>";
		};
/* End PBXGroup section */

/* Begin PBXNativeTarget section */
		4F4BD352EF74CA0B8F33DADA /* TanyaAISandbox */ = {
			isa = PBXNativeTarget;
			buildConfigurationList = B0F8D6FD1A08CBDDAE2B7E9E /* Build configuration list for PBXNativeTarget "TanyaAISandbox" */;
			buildPhases = (
				EAF8CD8A8BF08AFA584ABB95 /* Sources */,
				169E5C60B841982F75F99411 /* Frameworks */,
				ED0FEC24E4E47CF90FA5B84C /* Resources */,
			);
			buildRules = (
			);
			dependencies = (
			);
			name = TanyaAISandbox;
			packageProductDependencies = (
				E72E60BD7DEC84EA0712EF9B /* TanyaAI */,
				E00D5AB32615542B6D329887 /* TanyaAITestSupport */,
			);
			productName = TanyaAISandbox;
			productReference = 5BD3C8A58D26F815F883255F /* Tanya AI Sandbox.app */;
			productType = "com.apple.product-type.application";
		};
		76F84084399E25D4D1BB3393 /* TanyaAISandboxUITests */ = {
			isa = PBXNativeTarget;
			buildConfigurationList = 927EC9B66FF4A5810840746A /* Build configuration list for PBXNativeTarget "TanyaAISandboxUITests" */;
			buildPhases = (
				3121FCB72BB328C8E914C2F8 /* Sources */,
				0DE43ADF6DB0C60F20EAD347 /* Frameworks */,
				15A80379C611AE5FDBD078C0 /* Resources */,
			);
			buildRules = (
			);
			dependencies = (
				2AC0D6E844B8113F5EE28472 /* PBXTargetDependency */,
			);
			name = TanyaAISandboxUITests;
			productName = TanyaAISandboxUITests;
			productReference = 3C454CDB5B7FC17C3E097FF5 /* TanyaAISandboxUITests.xctest */;
			productType = "com.apple.product-type.bundle.ui-testing";
		};
/* End PBXNativeTarget section */

/* Begin PBXProject section */
		AE46F3C7A30973509B06E54B /* Project object */ = {
			isa = PBXProject;
			attributes = {
				LastSwiftUpdateCheck = 2660;
				LastUpgradeCheck = 2660;
			};
			buildConfigurationList = CA6459CAE8358B141164F518 /* Build configuration list for PBXProject "TanyaAISandbox" */;
			compatibilityVersion = "Xcode 3.2";
			developmentRegion = en;
			hasScannedForEncodings = 0;
			knownRegions = (
				en,
				Base,
			);
			mainGroup = 79881C62A73630C76974E008;
			minimizedProjectReferenceProxies = 0;
			packageReferences = (
				4352B0B4870C59ACD8D2BAD0 /* XCLocalSwiftPackageReference "TanyaAI" */,
			);
			preferredProjectObjectVersion = 77;
			productRefGroup = 00E9D58E2E65A1454C0D4A75 /* Products */;
			projectDirPath = "";
			projectRoot = "";
			targets = (
				4F4BD352EF74CA0B8F33DADA /* TanyaAISandbox */,
				76F84084399E25D4D1BB3393 /* TanyaAISandboxUITests */,
			);
		};
/* End PBXProject section */

/* Begin PBXResourcesBuildPhase section */
		15A80379C611AE5FDBD078C0 /* Resources */ = {
			isa = PBXResourcesBuildPhase;
			buildActionMask = 2147483647;
			files = (
			);
			runOnlyForDeploymentPostprocessing = 0;
		};
		ED0FEC24E4E47CF90FA5B84C /* Resources */ = {
			isa = PBXResourcesBuildPhase;
			buildActionMask = 2147483647;
			files = (
				B3CB4DF51D5C3D1244D7D1D5 /* LaunchScreen.storyboard in Resources */,
			);
			runOnlyForDeploymentPostprocessing = 0;
		};
/* End PBXResourcesBuildPhase section */

/* Begin PBXSourcesBuildPhase section */
		3121FCB72BB328C8E914C2F8 /* Sources */ = {
			isa = PBXSourcesBuildPhase;
			buildActionMask = 2147483647;
			files = (
				80F2C93276C9B5CB3816C685 /* TanyaAIDeeplinkUITests.swift in Sources */,
				C8D8459719D75C3CD424494E /* TanyaAILegacyIntegrationTests.swift in Sources */,
				C4F31A29E3364AD7C04116C2 /* TanyaAISandboxScreenshotTests.swift in Sources */,
			);
			runOnlyForDeploymentPostprocessing = 0;
		};
		EAF8CD8A8BF08AFA584ABB95 /* Sources */ = {
			isa = PBXSourcesBuildPhase;
			buildActionMask = 2147483647;
			files = (
				2992F1F44304C383B5EA167D /* AppDelegate.swift in Sources */,
				73EA7C077BCE73CBE9C3AF35 /* LegacyDetailScreen.swift in Sources */,
				9D4B011D4D6E360EF1055741 /* LegacyRootScreen.swift in Sources */,
				BA1AC68241BF1AC56130103B /* SandboxDeeplink.swift in Sources */,
				22E226FD06C8013B4386BFF3 /* SandboxDeeplinkRouter.swift in Sources */,
				5B850DAA624601E05A3B072F /* SandboxDeeplinkTargetScreen.swift in Sources */,
				DE160B9A17DC69EE5FF9598F /* SandboxLaunchMode.swift in Sources */,
				E59C2E44B9E9FF6E666B0AFC /* SandboxTanyaAIFactory.swift in Sources */,
				464A3D5C56F101B3074D4A09 /* SceneDelegate.swift in Sources */,
				CD9A92917E68142FCF6E9B48 /* TanyaAIPresentationGateway.swift in Sources */,
				ED2B5F57D07B159D226B3F71 /* TanyaAIPresenting.swift in Sources */,
			);
			runOnlyForDeploymentPostprocessing = 0;
		};
/* End PBXSourcesBuildPhase section */

/* Begin PBXTargetDependency section */
		2AC0D6E844B8113F5EE28472 /* PBXTargetDependency */ = {
			isa = PBXTargetDependency;
			name = TanyaAISandbox;
			target = 4F4BD352EF74CA0B8F33DADA /* TanyaAISandbox */;
			targetProxy = C0CBC7630B6CD9578350BF46 /* PBXContainerItemProxy */;
		};
/* End PBXTargetDependency section */

/* Begin XCBuildConfiguration section */
		004E9F8269C7A5917FC75846 /* Release */ = {
			isa = XCBuildConfiguration;
			buildSettings = {
				ASSETCATALOG_COMPILER_APPICON_NAME = "";
				ASSETCATALOG_COMPILER_GLOBAL_ACCENT_COLOR_NAME = AccentColor;
				CLANG_ENABLE_OBJC_WEAK = NO;
				CODE_SIGN_STYLE = Automatic;
				GENERATE_INFOPLIST_FILE = NO;
				INFOPLIST_FILE = TanyaAISandboxApp/Info.plist;
				IPHONEOS_DEPLOYMENT_TARGET = 15.0;
				LD_RUNPATH_SEARCH_PATHS = "$(inherited) @executable_path/Frameworks";
				PRODUCT_BUNDLE_IDENTIFIER = com.example.tanyaai.sandbox;
				PRODUCT_NAME = "Tanya AI Sandbox";
				SDKROOT = iphoneos;
				SWIFT_VERSION = 5.0;
				TARGETED_DEVICE_FAMILY = 1;
				VALIDATE_PRODUCT = YES;
			};
			name = Release;
		};
		542EC268DD692A4D914247DA /* Debug */ = {
			isa = XCBuildConfiguration;
			buildSettings = {
				ASSETCATALOG_COMPILER_APPICON_NAME = "";
				ASSETCATALOG_COMPILER_GLOBAL_ACCENT_COLOR_NAME = AccentColor;
				CLANG_ENABLE_OBJC_WEAK = NO;
				CODE_SIGN_STYLE = Automatic;
				GENERATE_INFOPLIST_FILE = NO;
				INFOPLIST_FILE = TanyaAISandboxApp/Info.plist;
				IPHONEOS_DEPLOYMENT_TARGET = 15.0;
				LD_RUNPATH_SEARCH_PATHS = "$(inherited) @executable_path/Frameworks";
				PRODUCT_BUNDLE_IDENTIFIER = com.example.tanyaai.sandbox;
				PRODUCT_NAME = "Tanya AI Sandbox";
				SDKROOT = iphoneos;
				SWIFT_VERSION = 5.0;
				TARGETED_DEVICE_FAMILY = 1;
			};
			name = Debug;
		};
		746ECA014F6943F4F112A740 /* Debug */ = {
			isa = XCBuildConfiguration;
			buildSettings = {
				ALWAYS_SEARCH_USER_PATHS = NO;
				CLANG_ANALYZER_NONNULL = YES;
				CLANG_ANALYZER_NUMBER_OBJECT_CONVERSION = YES_AGGRESSIVE;
				CLANG_CXX_LANGUAGE_STANDARD = "gnu++14";
				CLANG_CXX_LIBRARY = "libc++";
				CLANG_ENABLE_MODULES = YES;
				CLANG_ENABLE_OBJC_ARC = YES;
				CLANG_ENABLE_OBJC_WEAK = YES;
				CLANG_WARN_BLOCK_CAPTURE_AUTORELEASING = YES;
				CLANG_WARN_BOOL_CONVERSION = YES;
				CLANG_WARN_COMMA = YES;
				CLANG_WARN_CONSTANT_CONVERSION = YES;
				CLANG_WARN_DEPRECATED_OBJC_IMPLEMENTATIONS = YES;
				CLANG_WARN_DIRECT_OBJC_ISA_USAGE = YES_ERROR;
				CLANG_WARN_DOCUMENTATION_COMMENTS = YES;
				CLANG_WARN_EMPTY_BODY = YES;
				CLANG_WARN_ENUM_CONVERSION = YES;
				CLANG_WARN_INFINITE_RECURSION = YES;
				CLANG_WARN_INT_CONVERSION = YES;
				CLANG_WARN_NON_LITERAL_NULL_CONVERSION = YES;
				CLANG_WARN_OBJC_IMPLICIT_RETAIN_SELF = YES;
				CLANG_WARN_OBJC_LITERAL_CONVERSION = YES;
				CLANG_WARN_OBJC_ROOT_CLASS = YES_ERROR;
				CLANG_WARN_QUOTED_INCLUDE_IN_FRAMEWORK_HEADER = YES;
				CLANG_WARN_RANGE_LOOP_ANALYSIS = YES;
				CLANG_WARN_STRICT_PROTOTYPES = YES;
				CLANG_WARN_SUSPICIOUS_MOVE = YES;
				CLANG_WARN_UNGUARDED_AVAILABILITY = YES_AGGRESSIVE;
				CLANG_WARN_UNREACHABLE_CODE = YES;
				CLANG_WARN__DUPLICATE_METHOD_MATCH = YES;
				COPY_PHASE_STRIP = NO;
				DEBUG_INFORMATION_FORMAT = dwarf;
				ENABLE_STRICT_OBJC_MSGSEND = YES;
				ENABLE_TESTABILITY = YES;
				GCC_C_LANGUAGE_STANDARD = gnu11;
				GCC_DYNAMIC_NO_PIC = NO;
				GCC_NO_COMMON_BLOCKS = YES;
				GCC_OPTIMIZATION_LEVEL = 0;
				GCC_PREPROCESSOR_DEFINITIONS = (
					"DEBUG=1",
					"$(inherited)",
				);
				GCC_WARN_64_TO_32_BIT_CONVERSION = YES;
				GCC_WARN_ABOUT_RETURN_TYPE = YES_ERROR;
				GCC_WARN_UNDECLARED_SELECTOR = YES;
				GCC_WARN_UNINITIALIZED_AUTOS = YES_AGGRESSIVE;
				GCC_WARN_UNUSED_FUNCTION = YES;
				GCC_WARN_UNUSED_VARIABLE = YES;
				MTL_ENABLE_DEBUG_INFO = INCLUDE_SOURCE;
				MTL_FAST_MATH = YES;
				ONLY_ACTIVE_ARCH = YES;
				PRODUCT_NAME = "$(TARGET_NAME)";
				SWIFT_ACTIVE_COMPILATION_CONDITIONS = DEBUG;
				SWIFT_OPTIMIZATION_LEVEL = "-Onone";
				SWIFT_VERSION = 5.0;
			};
			name = Debug;
		};
		998C933F6902152C92C1F5E6 /* Release */ = {
			isa = XCBuildConfiguration;
			buildSettings = {
				ALWAYS_SEARCH_USER_PATHS = NO;
				CLANG_ANALYZER_NONNULL = YES;
				CLANG_ANALYZER_NUMBER_OBJECT_CONVERSION = YES_AGGRESSIVE;
				CLANG_CXX_LANGUAGE_STANDARD = "gnu++14";
				CLANG_CXX_LIBRARY = "libc++";
				CLANG_ENABLE_MODULES = YES;
				CLANG_ENABLE_OBJC_ARC = YES;
				CLANG_ENABLE_OBJC_WEAK = YES;
				CLANG_WARN_BLOCK_CAPTURE_AUTORELEASING = YES;
				CLANG_WARN_BOOL_CONVERSION = YES;
				CLANG_WARN_COMMA = YES;
				CLANG_WARN_CONSTANT_CONVERSION = YES;
				CLANG_WARN_DEPRECATED_OBJC_IMPLEMENTATIONS = YES;
				CLANG_WARN_DIRECT_OBJC_ISA_USAGE = YES_ERROR;
				CLANG_WARN_DOCUMENTATION_COMMENTS = YES;
				CLANG_WARN_EMPTY_BODY = YES;
				CLANG_WARN_ENUM_CONVERSION = YES;
				CLANG_WARN_INFINITE_RECURSION = YES;
				CLANG_WARN_INT_CONVERSION = YES;
				CLANG_WARN_NON_LITERAL_NULL_CONVERSION = YES;
				CLANG_WARN_OBJC_IMPLICIT_RETAIN_SELF = YES;
				CLANG_WARN_OBJC_LITERAL_CONVERSION = YES;
				CLANG_WARN_OBJC_ROOT_CLASS = YES_ERROR;
				CLANG_WARN_QUOTED_INCLUDE_IN_FRAMEWORK_HEADER = YES;
				CLANG_WARN_RANGE_LOOP_ANALYSIS = YES;
				CLANG_WARN_STRICT_PROTOTYPES = YES;
				CLANG_WARN_SUSPICIOUS_MOVE = YES;
				CLANG_WARN_UNGUARDED_AVAILABILITY = YES_AGGRESSIVE;
				CLANG_WARN_UNREACHABLE_CODE = YES;
				CLANG_WARN__DUPLICATE_METHOD_MATCH = YES;
				COPY_PHASE_STRIP = NO;
				DEBUG_INFORMATION_FORMAT = "dwarf-with-dsym";
				ENABLE_NS_ASSERTIONS = NO;
				ENABLE_STRICT_OBJC_MSGSEND = YES;
				GCC_C_LANGUAGE_STANDARD = gnu11;
				GCC_NO_COMMON_BLOCKS = YES;
				GCC_WARN_64_TO_32_BIT_CONVERSION = YES;
				GCC_WARN_ABOUT_RETURN_TYPE = YES_ERROR;
				GCC_WARN_UNDECLARED_SELECTOR = YES;
				GCC_WARN_UNINITIALIZED_AUTOS = YES_AGGRESSIVE;
				GCC_WARN_UNUSED_FUNCTION = YES;
				GCC_WARN_UNUSED_VARIABLE = YES;
				MTL_ENABLE_DEBUG_INFO = NO;
				MTL_FAST_MATH = YES;
				PRODUCT_NAME = "$(TARGET_NAME)";
				SWIFT_COMPILATION_MODE = wholemodule;
				SWIFT_OPTIMIZATION_LEVEL = "-O";
				SWIFT_VERSION = 5.0;
			};
			name = Release;
		};
		9A10232BCD9642D7B889275E /* Debug */ = {
			isa = XCBuildConfiguration;
			buildSettings = {
				CLANG_ENABLE_OBJC_WEAK = NO;
				CODE_SIGN_STYLE = Automatic;
				GENERATE_INFOPLIST_FILE = YES;
				IPHONEOS_DEPLOYMENT_TARGET = 15.0;
				PRODUCT_BUNDLE_IDENTIFIER = com.example.tanyaai.sandbox.uitests;
				SDKROOT = iphoneos;
				SWIFT_VERSION = 5.0;
				TARGETED_DEVICE_FAMILY = 1;
				TEST_TARGET_NAME = TanyaAISandbox;
			};
			name = Debug;
		};
		B71AD55A9248C5DE67E5A3D5 /* Release */ = {
			isa = XCBuildConfiguration;
			buildSettings = {
				CLANG_ENABLE_OBJC_WEAK = NO;
				CODE_SIGN_STYLE = Automatic;
				GENERATE_INFOPLIST_FILE = YES;
				IPHONEOS_DEPLOYMENT_TARGET = 15.0;
				PRODUCT_BUNDLE_IDENTIFIER = com.example.tanyaai.sandbox.uitests;
				SDKROOT = iphoneos;
				SWIFT_VERSION = 5.0;
				TARGETED_DEVICE_FAMILY = 1;
				TEST_TARGET_NAME = TanyaAISandbox;
				VALIDATE_PRODUCT = YES;
			};
			name = Release;
		};
/* End XCBuildConfiguration section */

/* Begin XCConfigurationList section */
		927EC9B66FF4A5810840746A /* Build configuration list for PBXNativeTarget "TanyaAISandboxUITests" */ = {
			isa = XCConfigurationList;
			buildConfigurations = (
				B71AD55A9248C5DE67E5A3D5 /* Release */,
				9A10232BCD9642D7B889275E /* Debug */,
			);
			defaultConfigurationIsVisible = 0;
			defaultConfigurationName = Release;
		};
		B0F8D6FD1A08CBDDAE2B7E9E /* Build configuration list for PBXNativeTarget "TanyaAISandbox" */ = {
			isa = XCConfigurationList;
			buildConfigurations = (
				004E9F8269C7A5917FC75846 /* Release */,
				542EC268DD692A4D914247DA /* Debug */,
			);
			defaultConfigurationIsVisible = 0;
			defaultConfigurationName = Release;
		};
		CA6459CAE8358B141164F518 /* Build configuration list for PBXProject "TanyaAISandbox" */ = {
			isa = XCConfigurationList;
			buildConfigurations = (
				746ECA014F6943F4F112A740 /* Debug */,
				998C933F6902152C92C1F5E6 /* Release */,
			);
			defaultConfigurationIsVisible = 0;
			defaultConfigurationName = Release;
		};
/* End XCConfigurationList section */

/* Begin XCLocalSwiftPackageReference section */
		4352B0B4870C59ACD8D2BAD0 /* XCLocalSwiftPackageReference "TanyaAI" */ = {
			isa = XCLocalSwiftPackageReference;
			relativePath = Packages/TanyaAI;
		};
/* End XCLocalSwiftPackageReference section */

/* Begin XCSwiftPackageProductDependency section */
		E00D5AB32615542B6D329887 /* TanyaAITestSupport */ = {
			isa = XCSwiftPackageProductDependency;
			package = 4352B0B4870C59ACD8D2BAD0 /* XCLocalSwiftPackageReference "TanyaAI" */;
			productName = TanyaAITestSupport;
		};
		E72E60BD7DEC84EA0712EF9B /* TanyaAI */ = {
			isa = XCSwiftPackageProductDependency;
			package = 4352B0B4870C59ACD8D2BAD0 /* XCLocalSwiftPackageReference "TanyaAI" */;
			productName = TanyaAI;
		};
/* End XCSwiftPackageProductDependency section */
	};
	rootObject = AE46F3C7A30973509B06E54B /* Project object */;
}
